
Microsoft Visual Studio Solution File, Format Version 12.00
# Visual Studio 15
VisualStudioVersion = 15.0.28010.2003
MinimumVisualStudioVersion = 10.0.40219.1
Project("{FAE04EC0-301F-11D3-BF4B-00C04F79EFBC}") = "Console_teste", "Console_teste\Console_teste.csproj", "{89CA514B-006B-451D-93D7-E66D3AFED2FF}"
EndProject
Project("{FAE04EC0-301F-11D3-BF4B-00C04F79EFBC}") = "teste_regressao", "teste_regressao\teste_regressao.csproj", "{3425F058-4C77-4526-99C9-C0A8CF2D5457}"
EndProject
Global
	GlobalSection(SolutionConfigurationPlatforms) = preSolution
		Debug|Any CPU = Debug|Any CPU
		Release|Any CPU = Release|Any CPU
	EndGlobalSection
	GlobalSection(ProjectConfigurationPlatforms) = postSolution
		{89CA514B-006B-451D-93D7-E66D3AFED2FF}.Debug|Any CPU.ActiveCfg = Debug|Any CPU
		{89CA514B-006B-451D-93D7-E66D3AFED2FF}.Debug|Any CPU.Build.0 = Debug|Any CPU
		{89CA514B-006B-451D-93D7-E66D3AFED2FF}.Release|Any CPU.ActiveCfg = Release|Any CPU
		{89CA514B-006B-451D-93D7-E66D3AFED2FF}.Release|Any CPU.Build.0 = Release|Any CPU
		{3425F058-4C77-4526-99C9-C0A8CF2D5457}.Debug|Any CPU.ActiveCfg = Debug|Any CPU
		{3425F058-4C77-4526-99C9-C0A8CF2D5457}.Debug|Any CPU.Build.0 = Debug|Any CPU
		{3425F058-4C77-4526-99C9-C0A8CF2D5457}.Release|Any CPU.ActiveCfg = Release|Any CPU
		{3425F058-4C77-4526-99C9-C0A8CF2D5457}.Release|Any CPU.Build.0 = Release|Any CPU
	EndGlobalSection
	GlobalSection(SolutionProperties) = preSolution
		HideSolutionNode = FALSE
	EndGlobalSection
	GlobalSection(ExtensibilityGlobals) = postSolution
		SolutionGuid = {DD5DBE18-0893-457E-AA21-08A4A0D2BEC6}
	EndGlobalSection
EndGlobal
